
Microsoft Visual Studio Solution File, Format Version 12.00
# Visual Studio Version 16
VisualStudioVersion = 16.0.31424.327
MinimumVisualStudioVersion = 10.0.40219.1
Project("{FAE04EC0-301F-11D3-BF4B-00C04F79EFBC}") = "Rotorz", "Rotorz\Rotorz.csproj", "{BAA811E5-DD61-4118-A4A8-704B44B180AD}"
EndProject
Global
	GlobalSection(SolutionConfigurationPlatforms) = preSolution
		Debug|Any CPU = Debug|Any CPU
		Release|Any CPU = Release|Any CPU
	EndGlobalSection
	GlobalSection(ProjectConfigurationPlatforms) = postSolution
		{BAA811E5-DD61-4118-A4A8-704B44B180AD}.Debug|Any CPU.ActiveCfg = Debug|Any CPU
		{BAA811E5-DD61-4118-A4A8-704B44B180AD}.Debug|Any CPU.Build.0 = Debug|Any CPU
		{BAA811E5-DD61-4118-A4A8-704B44B180AD}.Release|Any CPU.ActiveCfg = Release|Any CPU
		{BAA811E5-DD61-4118-A4A8-704B44B180AD}.Release|Any CPU.Build.0 = Release|Any CPU
	EndGlobalSection
	GlobalSection(SolutionProperties) = preSolution
		HideSolutionNode = FALSE
	EndGlobalSection
	GlobalSection(ExtensibilityGlobals) = postSolution
		SolutionGuid = {97F251E4-2C92-4722-B189-075B8C74F5A6}
	EndGlobalSection
EndGlobal
